
Microsoft Visual Studio Solution File, Format Version 12.00
# Visual Studio 15
VisualStudioVersion = 15.0.27130.2027
MinimumVisualStudioVersion = 10.0.40219.1
Project("{8BC9CEB8-8B4A-11D0-8D11-00A0C91BC942}") = "ConsoleApplication1", "ConsoleApplication1\ConsoleApplication1.vcxproj", "{3C38BE24-2715-43F1-B82B-2AFD218F34E0}"
EndProject
Global
	GlobalSection(SolutionConfigurationPlatforms) = preSolution
		Debug|x64 = Debug|x64
		Debug|x86 = Debug|x86
		Release|x64 = Release|x64
		Release|x86 = Release|x86
	EndGlobalSection
	GlobalSection(ProjectConfigurationPlatforms) = postSolution
		{3C38BE24-2715-43F1-B82B-2AFD218F34E0}.Debug|x64.ActiveCfg = Debug|x64
		{3C38BE24-2715-43F1-B82B-2AFD218F34E0}.Debug|x64.Build.0 = Debug|x64
		{3C38BE24-2715-43F1-B82B-2AFD218F34E0}.Debug|x86.ActiveCfg = Debug|Win32
		{3C38BE24-2715-43F1-B82B-2AFD218F34E0}.Debug|x86.Build.0 = Debug|Win32
		{3C38BE24-2715-43F1-B82B-2AFD218F34E0}.Release|x64.ActiveCfg = Release|x64
		{3C38BE24-2715-43F1-B82B-2AFD218F34E0}.Release|x64.Build.0 = Release|x64
		{3C38BE24-2715-43F1-B82B-2AFD218F34E0}.Release|x86.ActiveCfg = Release|Win32
		{3C38BE24-2715-43F1-B82B-2AFD218F34E0}.Release|x86.Build.0 = Release|Win32
	EndGlobalSection
	GlobalSection(SolutionProperties) = preSolution
		HideSolutionNode = FALSE
	EndGlobalSection
	GlobalSection(ExtensibilityGlobals) = postSolution
		SolutionGuid = {A3D1ABB8-617D-4D13-944F-D7D089769F6F}
	EndGlobalSection
EndGlobal
